
Microsoft Visual Studio Solution File, Format Version 12.00
# Visual Studio Version 16
VisualStudioVersion = 16.0.31702.278
MinimumVisualStudioVersion = 10.0.40219.1
Project("{888888A0-9F3D-457C-B088-3A5042F75D52}") = "PONGG", "PONGG.pyproj", "{A5359E21-169E-4C7A-B2C3-69450284F8BE}"
EndProject
Global
	GlobalSection(SolutionConfigurationPlatforms) = preSolution
		Debug|Any CPU = Debug|Any CPU
		Release|Any CPU = Release|Any CPU
	EndGlobalSection
	GlobalSection(ProjectConfigurationPlatforms) = postSolution
		{A5359E21-169E-4C7A-B2C3-69450284F8BE}.Debug|Any CPU.ActiveCfg = Debug|Any CPU
		{A5359E21-169E-4C7A-B2C3-69450284F8BE}.Release|Any CPU.ActiveCfg = Release|Any CPU
	EndGlobalSection
	GlobalSection(SolutionProperties) = preSolution
		HideSolutionNode = FALSE
	EndGlobalSection
	GlobalSection(ExtensibilityGlobals) = postSolution
		SolutionGuid = {514F832A-5F33-4F59-B813-A738540AA0F2}
	EndGlobalSection
EndGlobal
